
Microsoft Visual Studio Solution File, Format Version 12.00
# Visual Studio Version 16
VisualStudioVersion = 16.0.30114.105
MinimumVisualStudioVersion = 10.0.40219.1
Project("{9A19103F-16F7-4668-BE54-9A1E7A4F7556}") = "MB2Mod.NPCMasterTrainer", "MB2Mod.NPCMasterTrainer\MB2Mod.NPCMasterTrainer.csproj", "{DD1CE15C-9345-43F3-AD86-EB7183ADFC7A}"
EndProject
Project("{9A19103F-16F7-4668-BE54-9A1E7A4F7556}") = "MB2Mod.NPCMasterTrainer.UnitTest", "MB2Mod.NPCMasterTrainer.UnitTest\MB2Mod.NPCMasterTrainer.UnitTest.csproj", "{AD3AEDF5-C625-47B2-9954-BF747684BCC0}"
EndProject
Project("{9A19103F-16F7-4668-BE54-9A1E7A4F7556}") = "MB2Mod.NPCMasterTrainer.Launcher", "MB2Mod.NPCMasterTrainer.Launcher\MB2Mod.NPCMasterTrainer.Launcher.csproj", "{274ABF49-3769-4C6E-9F75-0D734425B571}"
EndProject
Project("{2150E333-8FDC-42A3-9474-1A3956D46DE8}") = "Solution Items", "Solution Items", "{32DBB159-61A4-4211-B141-F95E7C3F97C2}"
	ProjectSection(SolutionItems) = preProject
		README-EN.md = README-EN.md
		README.md = README.md
	EndProjectSection
EndProject
Global
	GlobalSection(SolutionConfigurationPlatforms) = preSolution
		Debug|Any CPU = Debug|Any CPU
		Release|Any CPU = Release|Any CPU
	EndGlobalSection
	GlobalSection(ProjectConfigurationPlatforms) = postSolution
		{DD1CE15C-9345-43F3-AD86-EB7183ADFC7A}.Debug|Any CPU.ActiveCfg = Debug|Any CPU
		{DD1CE15C-9345-43F3-AD86-EB7183ADFC7A}.Debug|Any CPU.Build.0 = Debug|Any CPU
		{DD1CE15C-9345-43F3-AD86-EB7183ADFC7A}.Release|Any CPU.ActiveCfg = Release|Any CPU
		{DD1CE15C-9345-43F3-AD86-EB7183ADFC7A}.Release|Any CPU.Build.0 = Release|Any CPU
		{AD3AEDF5-C625-47B2-9954-BF747684BCC0}.Debug|Any CPU.ActiveCfg = Debug|Any CPU
		{AD3AEDF5-C625-47B2-9954-BF747684BCC0}.Debug|Any CPU.Build.0 = Debug|Any CPU
		{AD3AEDF5-C625-47B2-9954-BF747684BCC0}.Release|Any CPU.ActiveCfg = Release|Any CPU
		{AD3AEDF5-C625-47B2-9954-BF747684BCC0}.Release|Any CPU.Build.0 = Release|Any CPU
		{274ABF49-3769-4C6E-9F75-0D734425B571}.Debug|Any CPU.ActiveCfg = Debug|Any CPU
		{274ABF49-3769-4C6E-9F75-0D734425B571}.Debug|Any CPU.Build.0 = Debug|Any CPU
		{274ABF49-3769-4C6E-9F75-0D734425B571}.Release|Any CPU.ActiveCfg = Release|Any CPU
		{274ABF49-3769-4C6E-9F75-0D734425B571}.Release|Any CPU.Build.0 = Release|Any CPU
	EndGlobalSection
	GlobalSection(SolutionProperties) = preSolution
		HideSolutionNode = FALSE
	EndGlobalSection
	GlobalSection(ExtensibilityGlobals) = postSolution
		SolutionGuid = {0633822B-43A6-4DE8-9C79-4AC0914C5F8F}
	EndGlobalSection
EndGlobal
